{
  "name": "odin-rock-paper-scissors-v2",
  "lockfileVersion": 2,
  "requires": true,
  "packages": {
    "": {
      "dependencies": {
        "epithet": "^1.1.1",
        "gamer-namer": "^1.0.5"
      }
    },
    "node_modules/epithet": {
      "version": "1.1.1",
      "resolved": "https://registry.npmjs.org/epithet/-/epithet-1.1.1.tgz",
      "integrity": "sha1-eJlKjSNgpOrSyZbMQxBMTdfj+4U="
    },
    "node_modules/gamer-namer": {
      "version": "1.0.5",
      "resolved": "https://registry.npmjs.org/gamer-namer/-/gamer-namer-1.0.5.tgz",
      "integrity": "sha512-DUijWW5+Jh5k78CbPumzaC2l/UPkH3qDn5uYA41cWhENNM5Fm70OBPvRRpJCKWrGXhUZTYYyIltdGDI2w5gmWg==",
      "engines": {
        "node": ">=4.2.4"
      }
    }
  },
  "dependencies": {
    "epithet": {
      "version": "1.1.1",
      "resolved": "https://registry.npmjs.org/epithet/-/epithet-1.1.1.tgz",
      "integrity": "sha1-eJlKjSNgpOrSyZbMQxBMTdfj+4U="
    },
    "gamer-namer": {
      "version": "1.0.5",
      "resolved": "https://registry.npmjs.org/gamer-namer/-/gamer-namer-1.0.5.tgz",
      "integrity": "sha512-DUijWW5+Jh5k78CbPumzaC2l/UPkH3qDn5uYA41cWhENNM5Fm70OBPvRRpJCKWrGXhUZTYYyIltdGDI2w5gmWg=="
    }
  }
}
